github.com/onsi/ginkgo	8004a15e410a927eadcd0d1cb336d390e1eee4f9
github.com/onsi/gomega	3da99a5a1412b006dac6662a2244f3da7ee3155b
github.com/vito/cmdtest	5073503e50f68b9c14d073ab261164965bffa872
github.com/pivotal-cf-experimental/cf-test-helpers	3276096203f4badd6d8b04dd6ab5c815cce82cbc
github.com/nu7hatch/gouuid	179d4d0c4d8d407a32af483c2354df1d2c91e6c3
