github.com/onsi/ginkgo	85eb0318720ffdc1ca7023bfe4ad15a5d22a9612
github.com/onsi/gomega	3da99a5a1412b006dac6662a2244f3da7ee3155b
github.com/vito/cmdtest	ccd51cbbf3154a39d1ad8861e7711dfdf4ee5719
github.com/pivotal-cf-experimental/cf-test-helpers	3276096203f4badd6d8b04dd6ab5c815cce82cbc
github.com/nu7hatch/gouuid	179d4d0c4d8d407a32af483c2354df1d2c91e6c3
