# This file is autogenerated, do not edit; changes may be undone by the next 'dep ensure'.


[[projects]]
  digest = "1:070e76934dddc510a89bb9c52f37811e5bcd5b10c41d8f110b09b294b0b211a0"
  name = "code.cloudfoundry.org/archiver"
  packages = ["extractor/test_helper"]
  pruneopts = "NUT"
  revision = "f598990ddfeda2767a09346acf844a7d216c1256"

[[projects]]
  branch = "master"
  digest = "1:41531922c7f47d5157308b4dd1abc6142c4c583845ce424ed9664db867fa48cf"
  name = "code.cloudfoundry.org/clock"
  packages = [
    ".",
    "fakeclock",
  ]
  pruneopts = "NUT"
  revision = "02e53af36e6c978af692887ed449b74026d76fec"

[[projects]]
  branch = "master"
  digest = "1:9c1ae4b79e6143a179cd8ce0407e63c4b071628caf1e6aff3ddbae3f724c1ccb"
  name = "github.com/cloudfoundry-incubator/cf-test-helpers"
  packages = [
    "cf",
    "commandreporter",
    "commandstarter",
    "generator",
    "helpers",
    "helpers/internal",
    "internal",
    "silentcommandstarter",
    "workflowhelpers",
    "workflowhelpers/internal",
  ]
  pruneopts = "NUT"
  revision = "a863c3d7755a47dc1ff25c82139412b17bbeefc8"

[[projects]]
  digest = "1:de4c03a00f0f64553f37a17e8d80c029cee256417623258ad43624d578242bbf"
  name = "github.com/cloudfoundry-incubator/credhub-cli"
  packages = [
    "credhub",
    "credhub/auth",
    "credhub/auth/uaa",
    "credhub/credentials",
    "credhub/credentials/generate",
    "credhub/credentials/values",
    "credhub/permissions",
    "credhub/server",
    "errors",
    "util",
  ]
  pruneopts = "NUT"
  revision = "0a87527a42a5e8b88c48458bf357100814fec7b6"
  version = "1.5.3"

[[projects]]
  branch = "master"
  digest = "1:7a85d380cd2d3c93c4b13569a689856c9224155a7c230fd3db2bfe2650684170"
  name = "github.com/cloudfoundry/custom-cats-reporters"
  packages = [
    "honeycomb",
    "honeycomb/client",
  ]
  pruneopts = "NUT"
  revision = "75213ee799079f9e56f345093207fdf43b1a4e51"

[[projects]]
  digest = "1:462de38649d2db115edb705797e5e2e42cbe06773f99b3b18758c1fd90e50241"
  name = "github.com/cloudfoundry/noaa"
  packages = [
    ".",
    "errors",
    "events",
  ]
  pruneopts = "NUT"
  revision = "f8b6ee8f26675363c07e7c6c4bdb85f079277ecf"

[[projects]]
  branch = "master"
  digest = "1:e54c39e0efe496d1092cf08eaf5109758af22e68d26732683009704db1d0afbe"
  name = "github.com/dsnet/compress"
  packages = [
    ".",
    "bzip2",
    "bzip2/internal/sais",
    "internal",
    "internal/errors",
    "internal/prefix",
  ]
  pruneopts = "NUT"
  revision = "cc9eb1d7ad760af14e8f918698f745e80377af4f"

[[projects]]
  branch = "master"
  digest = "1:b29ac3fe6b4601f89b589337c584ab7204a5c72932465e5f4a16772b5560b4a7"
  name = "github.com/facebookgo/clock"
  packages = ["."]
  pruneopts = "NUT"
  revision = "600d898af40aa09a7a93ecb9265d87b0504b6f03"

[[projects]]
  branch = "master"
  digest = "1:2d7ffd1545caa3eb15e6b4058880f9913dbfef79aac0a1c3c5491f5f85d5341b"
  name = "github.com/facebookgo/limitgroup"
  packages = ["."]
  pruneopts = "NUT"
  revision = "6abd8d71ec01451d7f1929eacaa263bbe2935d05"

[[projects]]
  branch = "master"
  digest = "1:762c38cd6b7137f9a5c38a0301d4271686d23c076b45e7d45564381f104dac7b"
  name = "github.com/facebookgo/muster"
  packages = ["."]
  pruneopts = "NUT"
  revision = "fd3d7953fd52354a74b9f6b3d70d0c9650c4ec2a"

[[projects]]
  digest = "1:6720a395558f9aed58a31beb66798bd93bb5f8b8cb1725f6bf4b1165e60086a3"
  name = "github.com/gogo/protobuf"
  packages = ["proto"]
  pruneopts = "NUT"
  revision = "c18eea6ad611eecf94a9ba38471f59706199409e"

[[projects]]
  digest = "1:c01767916c59f084bb7c41a7d5877c0f3099b1595cfa066e84ec6ad6b084dd89"
  name = "github.com/gorilla/context"
  packages = ["."]
  pruneopts = "NUT"
  revision = "08b5f424b9271eedf6f9f0ce86cb9396ed337a42"
  version = "v1.1.1"

[[projects]]
  digest = "1:bf5cf1d53d703332e9bd8984c69784645b73a938317bf5ace9aadf20ac49379a"
  name = "github.com/gorilla/mux"
  packages = ["."]
  pruneopts = "NUT"
  revision = "e3702bed27f0d39777b0b37b664b6280e8ef8fbf"
  version = "v1.6.2"

[[projects]]
  digest = "1:dad16ad53883e50cb12201f1422dfd8ee7d04cfe76b7f8cf7d7ea090bb2b4e99"
  name = "github.com/gorilla/websocket"
  packages = ["."]
  pruneopts = "NUT"
  revision = "1f512fc3f05332ba7117626cdfb4e07474e58e60"
  version = "v1.0.0"

[[projects]]
  digest = "1:0b06ffe0c0764e413a6738e3f045d6bb14117359aef80a09f8c60fbff2ecad6b"
  name = "github.com/hashicorp/go-version"
  packages = ["."]
  pruneopts = "NUT"
  revision = "b5a281d3160aa11950a6182bd9a9dc2cb1e02d50"
  version = "v1.0.0"

[[projects]]
  digest = "1:a8bbeb415e7a936b50f639e7abde9ef37cac24ce39ea0840ee10297b1cf788f2"
  name = "github.com/honeycombio/libhoney-go"
  packages = ["."]
  pruneopts = "NUT"
  revision = "26d0d7dd8b07dae0d94a2b2b7abafd2401686ffa"

[[projects]]
  digest = "1:efb3ca7ec075ef63ad38a35d5bcacc9d3698f7babd94b243cd552acd7f396938"
  name = "github.com/mholt/archiver"
  packages = ["."]
  pruneopts = "NUT"
  revision = "cdc68dd1f170b8dfc1a0d2231b5bb0967ed67006"
  version = "v2.0"

[[projects]]
  branch = "master"
  digest = "1:2aad42cee2de3346961cb38e77eada96150d266b9a5e289f5f8c05696b22f875"
  name = "github.com/nwaples/rardecode"
  packages = ["."]
  pruneopts = "NUT"
  revision = "e06696f847aeda6f39a8f0b7cdff193b7690aef6"

[[projects]]
  digest = "1:6c4103a0d7afcf010a4ef6763ab006d60758f3e9a9313c9aaac6c0e3b5dc8548"
  name = "github.com/onsi/ginkgo"
  packages = [
    ".",
    "config",
    "extensions/table",
    "ginkgo",
    "ginkgo/convert",
    "ginkgo/interrupthandler",
    "ginkgo/nodot",
    "ginkgo/testrunner",
    "ginkgo/testsuite",
    "ginkgo/watch",
    "internal/codelocation",
    "internal/containernode",
    "internal/failer",
    "internal/leafnodes",
    "internal/remote",
    "internal/spec",
    "internal/spec_iterator",
    "internal/specrunner",
    "internal/suite",
    "internal/testingtproxy",
    "internal/writer",
    "reporters",
    "reporters/stenographer",
    "reporters/stenographer/support/go-colorable",
    "reporters/stenographer/support/go-isatty",
    "types",
  ]
  pruneopts = "NUT"
  revision = "6c46eb8334b30dc55b42f1a1c725d5ce97375390"

[[projects]]
  digest = "1:7887efd65075693a558d4d574c8289d626befeee1efe6dfd063ef6043f7683ed"
  name = "github.com/onsi/gomega"
  packages = [
    ".",
    "format",
    "gbytes",
    "gexec",
    "internal/assertion",
    "internal/asyncassertion",
    "internal/oraclematcher",
    "internal/testingtsupport",
    "matchers",
    "matchers/support/goraph/bipartitegraph",
    "matchers/support/goraph/edge",
    "matchers/support/goraph/node",
    "matchers/support/goraph/util",
    "types",
  ]
  pruneopts = "NUT"
  revision = "f1f0f388b31eca4e2cbe7a6dd8a3a1dfddda5b1c"

[[projects]]
  digest = "1:6bc0652ea6e39e22ccd522458b8bdd8665bf23bdc5a20eec90056e4dc7e273ca"
  name = "github.com/satori/go.uuid"
  packages = ["."]
  pruneopts = "NUT"
  revision = "f58768cc1a7a7e77a3bd49e98cdd21419399b6a3"
  version = "v1.2.0"

[[projects]]
  digest = "1:07e8742c479bab0066149ad02a710024154e76874fd0a2dba002d87702725825"
  name = "github.com/ulikunitz/xz"
  packages = [
    ".",
    "internal/hash",
    "internal/xlog",
    "lzma",
  ]
  pruneopts = "NUT"
  revision = "0c6b41e72360850ca4f98dc341fd999726ea007f"
  version = "v0.5.4"

[[projects]]
  digest = "1:850f9d7af48ca0f42b6a591da0ff94c0fd9218fb0bd288c4785588ce63d04501"
  name = "golang.org/x/crypto"
  packages = [
    "curve25519",
    "ssh",
  ]
  pruneopts = "NUT"
  revision = "b76c864ef1dca1d8f271f917c290cddcce3d9e0d"

[[projects]]
  branch = "master"
  digest = "1:5c2d57086d29bf60bf5fc8a1e6550650034f8b26177dced9b16d1f673311ab40"
  name = "golang.org/x/sys"
  packages = ["unix"]
  pruneopts = "NUT"
  revision = "d0be0721c37eeb5299f245a996a483160fc36940"

[[projects]]
  digest = "1:d6613cccd218e927314d7f6a7a6e8169473b07db7e07810341cacd3bdca920ba"
  name = "gopkg.in/alexcesaro/statsd.v2"
  packages = ["."]
  pruneopts = "NUT"
  revision = "7fea3f0d2fab1ad973e641e51dba45443a311a90"
  version = "v2.0.0"

[[projects]]
  branch = "v2"
  digest = "1:ad6f94355d292690137613735965bd3688844880fdab90eccf66321910344942"
  name = "gopkg.in/yaml.v2"
  packages = ["."]
  pruneopts = "NUT"
  revision = "a5b47d31c556af34a302ce5d659e6fea44d90de0"

[solve-meta]
  analyzer-name = "dep"
  analyzer-version = 1
  input-imports = [
    "code.cloudfoundry.org/archiver/extractor/test_helper",
    "code.cloudfoundry.org/clock",
    "code.cloudfoundry.org/clock/fakeclock",
    "github.com/cloudfoundry-incubator/cf-test-helpers/cf",
    "github.com/cloudfoundry-incubator/cf-test-helpers/commandreporter",
    "github.com/cloudfoundry-incubator/cf-test-helpers/generator",
    "github.com/cloudfoundry-incubator/cf-test-helpers/helpers",
    "github.com/cloudfoundry-incubator/cf-test-helpers/workflowhelpers",
    "github.com/cloudfoundry-incubator/credhub-cli/credhub",
    "github.com/cloudfoundry-incubator/credhub-cli/credhub/auth",
    "github.com/cloudfoundry-incubator/credhub-cli/credhub/credentials/values",
    "github.com/cloudfoundry-incubator/credhub-cli/credhub/permissions",
    "github.com/cloudfoundry-incubator/credhub-cli/util",
    "github.com/cloudfoundry/custom-cats-reporters/honeycomb",
    "github.com/cloudfoundry/custom-cats-reporters/honeycomb/client",
    "github.com/cloudfoundry/noaa",
    "github.com/cloudfoundry/noaa/events",
    "github.com/gorilla/mux",
    "github.com/honeycombio/libhoney-go",
    "github.com/mholt/archiver",
    "github.com/onsi/ginkgo",
    "github.com/onsi/ginkgo/config",
    "github.com/onsi/ginkgo/extensions/table",
    "github.com/onsi/ginkgo/ginkgo",
    "github.com/onsi/gomega",
    "github.com/onsi/gomega/gbytes",
    "github.com/onsi/gomega/gexec",
    "github.com/onsi/gomega/types",
    "github.com/satori/go.uuid",
    "golang.org/x/crypto/ssh",
  ]
  solver-name = "gps-cdcl"
  solver-version = 1
