code.cloudfoundry.org/tlsconfig v0.68.0 h1:K6AUYZRTvDXw8Ow0kbygzU5Fn4hAxUBqFkDmL7zXOBA=
code.cloudfoundry.org/tlsconfig v0.68.0/go.mod h1:XYndqgWUzj6nSsgccdWN4UKhqbm7hT0QJ4NBFk8qjdE=
filippo.io/edwards25519 v1.2.0 h1:crnVqOiS4jqYleHd9vaKZ+HKtHfllngJIiOpNpoJsjo=
filippo.io/edwards25519 v1.2.0/go.mod h1:xzAOLCNug/yB62zG1bQ8uziwrIqIuxhctzJT18Q77mc=
github.com/pkg/errors v0.9.1 h1:FEBLx1zS214owpjy7qsBeixbURkuhQAwrK5UwLGTwt4=
github.com/pkg/errors v0.9.1/go.mod h1:bwawxfHBFNV+L2hUp1rHADufV3IMtnDRdf1r5NINEl0=
github.com/square/certstrap v1.3.0 h1:N9P0ZRA+DjT8pq5fGDj0z3FjafRKnBDypP0QHpMlaAk=
github.com/square/certstrap v1.3.0/go.mod h1:wGZo9eE1B7WX2GKBn0htJ+B3OuRl2UsdCFySNooy9hU=
go.step.sm/crypto v0.91.0 h1:0mN0DwVOvUuh7VbyTnxABZuAkxwak/Grp8Y/b4YaZDU=
go.step.sm/crypto v0.91.0/go.mod h1:NxxObRBymdbyXLoTCW5Ea6sLxuy5yI/xr9+hSBlbU/Q=
golang.org/x/crypto v0.57.0 h1:3ZVCjf8Ggz7zneR/EHRVx68Ctf+2pmIMP2UFhh9cC6M=
golang.org/x/crypto v0.57.0/go.mod h1:Fdz0i5U6CoizGwLda9DttjSk6qlZo25zYNtR+ycvuZA=
golang.org/x/sys v0.48.0 h1:bbX/i/6MgT9BVLM9RT1thmxL04yeTAhbEz4SyadbXoo=
golang.org/x/sys v0.48.0/go.mod h1:hNLxWAXmnKAxqDtdwIYC4bM9oQPEecfsnNMuSxOs3og=
