# This file is autogenerated, do not edit; changes may be undone by the next 'dep ensure'.


[[projects]]
  name = "github.com/cloudfoundry-incubator/credhub-cli"
  packages = ["credhub","credhub/auth","credhub/auth/uaa","credhub/credentials","credhub/credentials/generate","credhub/credentials/values","credhub/permissions","credhub/server","errors","util"]
  revision = "35c317ce9a93f63777191868b38fe323f5d1b958"
  version = "1.6.0"

[[projects]]
  branch = "master"
  name = "github.com/cloudfoundry/socks5-proxy"
  packages = ["."]
  revision = "a5dbd34501d246ab6c004c9afebb5bd0dd9d7d22"

[[projects]]
  branch = "master"
  name = "github.com/genevievelesperance/go-socks5"
  packages = ["."]
  revision = "f07e0bb84629ba30f60da69274cd1d9dbb4a1d08"

[[projects]]
  name = "github.com/gorilla/context"
  packages = ["."]
  revision = "1ea25387ff6f684839d82767c1733ff4d4d15d0a"
  version = "v1.1"

[[projects]]
  name = "github.com/gorilla/mux"
  packages = ["."]
  revision = "bcd8bc72b08df0f70df986b97f95590779502d31"
  version = "v1.4.0"

[[projects]]
  branch = "master"
  name = "github.com/hashicorp/go-version"
  packages = ["."]
  revision = "4fe82ae3040f80a03d04d2cccb5606a626b8e1ee"

[[projects]]
  name = "github.com/satori/go.uuid"
  packages = ["."]
  revision = "879c5887cd475cd7864858769793b2ceb0d44feb"
  version = "v1.1.0"

[[projects]]
  branch = "master"
  name = "golang.org/x/crypto"
  packages = ["curve25519","ed25519","ed25519/internal/edwards25519","internal/chacha20","poly1305","ssh"]
  revision = "9de5f2eaf759b4c4550b3db39fed2e9e5f86f45c"

[[projects]]
  branch = "master"
  name = "golang.org/x/net"
  packages = ["context","proxy"]
  revision = "f5dfe339be1d06f81b22525fe34671ee7d2c8904"

[solve-meta]
  analyzer-name = "dep"
  analyzer-version = 1
  inputs-digest = "8448dc161843ec28c51127eb1047bde9e31e9aab7088f3c9d357cd26b3e1f0f7"
  solver-name = "gps-cdcl"
  solver-version = 1
